// !$*UTF8*$!
{
	archiveVersion = 1;
	classes = {
	};
	objectVersion = 50;
	objects = {

/* Begin PBXBuildFile section */
		631E8894A2183468862CC1F8 /* Pods_CourseWorkTwoApplication.framework in Frameworks */ = {isa = PBXBuildFile; fileRef = D80EE288410C3BE5A6389B32 /* Pods_CourseWorkTwoApplication.framework */; };
		AA10A60B217F3F2600C9D3A5 /* User.swift in Sources */ = {isa = PBXBuildFile; fileRef = AA10A60A217F3F2600C9D3A5 /* User.swift */; };
		AA10A60D217F400F00C9D3A5 /* News.swift in Sources */ = {isa = PBXBuildFile; fileRef = AA10A60C217F400F00C9D3A5 /* News.swift */; };
		AA10A60F217F40BF00C9D3A5 /* Attachments.swift in Sources */ = {isa = PBXBuildFile; fileRef = AA10A60E217F40BF00C9D3A5 /* Attachments.swift */; };
		AA262E7C21779A9200151526 /* Constants.swift in Sources */ = {isa = PBXBuildFile; fileRef = AA262E7B21779A9200151526 /* Constants.swift */; };
		AACD1EEF217647550072D2FE /* AppDelegate.swift in Sources */ = {isa = PBXBuildFile; fileRef = AACD1EEE217647550072D2FE /* AppDelegate.swift */; };
		AACD1EF4217647550072D2FE /* Main.storyboard in Resources */ = {isa = PBXBuildFile; fileRef = AACD1EF2217647550072D2FE /* Main.storyboard */; };
		AACD1EF6217647550072D2FE /* Assets.xcassets in Resources */ = {isa = PBXBuildFile; fileRef = AACD1EF5217647550072D2FE /* Assets.xcassets */; };
		AACD1EF9217647550072D2FE /* LaunchScreen.storyboard in Resources */ = {isa = PBXBuildFile; fileRef = AACD1EF7217647550072D2FE /* LaunchScreen.storyboard */; };
		AACD1F012176483E0072D2FE /* LoginViewController.swift in Sources */ = {isa = PBXBuildFile; fileRef = AACD1F002176483E0072D2FE /* LoginViewController.swift */; };
		AACD1F0521764A8E0072D2FE /* RegistrationViewController.swift in Sources */ = {isa = PBXBuildFile; fileRef = AACD1F0421764A8E0072D2FE /* RegistrationViewController.swift */; };
		AACD1F0721764E620072D2FE /* NewsViewController.swift in Sources */ = {isa = PBXBuildFile; fileRef = AACD1F0621764E620072D2FE /* NewsViewController.swift */; };
		AAE4BA71217722BE0043D19F /* WebKitViewController.swift in Sources */ = {isa = PBXBuildFile; fileRef = AAE4BA70217722BE0043D19F /* WebKitViewController.swift */; };
		AAED1713217F9C9700EE5FD8 /* Comment.swift in Sources */ = {isa = PBXBuildFile; fileRef = AAED1712217F9C9700EE5FD8 /* Comment.swift */; };
/* End PBXBuildFile section */

/* Begin PBXFileReference section */
		281AD45488C83508E392B106 /* Pods-CourseWorkTwoApplication.debug.xcconfig */ = {isa = PBXFileReference; includeInIndex = 1; lastKnownFileType = text.xcconfig; name = "Pods-CourseWorkTwoApplication.debug.xcconfig"; path = "Pods/Target Support Files/Pods-CourseWorkTwoApplication/Pods-CourseWorkTwoApplication.debug.xcconfig"; sourceTree = "<group>"; };
		47ADA4AC08450DAA5511E7BD /* Pods-CourseWorkTwoApplication.release.xcconfig */ = {isa = PBXFileReference; includeInIndex = 1; lastKnownFileType = text.xcconfig; name = "Pods-CourseWorkTwoApplication.release.xcconfig"; path = "Pods/Target Support Files/Pods-CourseWorkTwoApplication/Pods-CourseWorkTwoApplication.release.xcconfig"; sourceTree = "<group>"; };
		AA10A60A217F3F2600C9D3A5 /* User.swift */ = {isa = PBXFileReference; lastKnownFileType = sourcecode.swift; path = User.swift; sourceTree = "<group>"; };
		AA10A60C217F400F00C9D3A5 /* News.swift */ = {isa = PBXFileReference; lastKnownFileType = sourcecode.swift; path = News.swift; sourceTree = "<group>"; };
		AA10A60E217F40BF00C9D3A5 /* Attachments.swift */ = {isa = PBXFileReference; lastKnownFileType = sourcecode.swift; path = Attachments.swift; sourceTree = "<group>"; };
		AA262E7B21779A9200151526 /* Constants.swift */ = {isa = PBXFileReference; lastKnownFileType = sourcecode.swift; path = Constants.swift; sourceTree = "<group>"; };
		AACD1EEB217647550072D2FE /* CourseWorkTwoApplication.app */ = {isa = PBXFileReference; explicitFileType = wrapper.application; includeInIndex = 0; path = CourseWorkTwoApplication.app; sourceTree = BUILT_PRODUCTS_DIR; };
		AACD1EEE217647550072D2FE /* AppDelegate.swift */ = {isa = PBXFileReference; lastKnownFileType = sourcecode.swift; path = AppDelegate.swift; sourceTree = "<group>"; };
		AACD1EF3217647550072D2FE /* Base */ = {isa = PBXFileReference; lastKnownFileType = file.storyboard; name = Base; path = Base.lproj/Main.storyboard; sourceTree = "<group>"; };
		AACD1EF5217647550072D2FE /* Assets.xcassets */ = {isa = PBXFileReference; lastKnownFileType = folder.assetcatalog; path = Assets.xcassets; sourceTree = "<group>"; };
		AACD1EF8217647550072D2FE /* Base */ = {isa = PBXFileReference; lastKnownFileType = file.storyboard; name = Base; path = Base.lproj/LaunchScreen.storyboard; sourceTree = "<group>"; };
		AACD1EFA217647550072D2FE /* Info.plist */ = {isa = PBXFileReference; lastKnownFileType = text.plist.xml; path = Info.plist; sourceTree = "<group>"; };
		AACD1F002176483E0072D2FE /* LoginViewController.swift */ = {isa = PBXFileReference; lastKnownFileType = sourcecode.swift; path = LoginViewController.swift; sourceTree = "<group>"; };
		AACD1F0421764A8E0072D2FE /* RegistrationViewController.swift */ = {isa = PBXFileReference; lastKnownFileType = sourcecode.swift; path = RegistrationViewController.swift; sourceTree = "<group>"; };
		AACD1F0621764E620072D2FE /* NewsViewController.swift */ = {isa = PBXFileReference; lastKnownFileType = sourcecode.swift; path = NewsViewController.swift; sourceTree = "<group>"; };
		AAE4BA70217722BE0043D19F /* WebKitViewController.swift */ = {isa = PBXFileReference; lastKnownFileType = sourcecode.swift; path = WebKitViewController.swift; sourceTree = "<group>"; };
		AAED1712217F9C9700EE5FD8 /* Comment.swift */ = {isa = PBXFileReference; lastKnownFileType = sourcecode.swift; path = Comment.swift; sourceTree = "<group>"; };
		D80EE288410C3BE5A6389B32 /* Pods_CourseWorkTwoApplication.framework */ = {isa = PBXFileReference; explicitFileType = wrapper.framework; includeInIndex = 0; path = Pods_CourseWorkTwoApplication.framework; sourceTree = BUILT_PRODUCTS_DIR; };
/* End PBXFileReference section */

/* Begin PBXFrameworksBuildPhase section */
		AACD1EE8217647550072D2FE /* Frameworks */ = {
			isa = PBXFrameworksBuildPhase;
			buildActionMask = 2147483647;
			files = (
				631E8894A2183468862CC1F8 /* Pods_CourseWorkTwoApplication.framework in Frameworks */,
			);
			runOnlyForDeploymentPostprocessing = 0;
		};
/* End PBXFrameworksBuildPhase section */

/* Begin PBXGroup section */
		2B0114A67CC38D8915E213FD /* Pods */ = {
			isa = PBXGroup;
			children = (
				281AD45488C83508E392B106 /* Pods-CourseWorkTwoApplication.debug.xcconfig */,
				47ADA4AC08450DAA5511E7BD /* Pods-CourseWorkTwoApplication.release.xcconfig */,
			);
			name = Pods;
			sourceTree = "<group>";
		};
		AA10A609217F3F1300C9D3A5 /* Model */ = {
			isa = PBXGroup;
			children = (
				AA10A60A217F3F2600C9D3A5 /* User.swift */,
				AA10A60C217F400F00C9D3A5 /* News.swift */,
				AA10A60E217F40BF00C9D3A5 /* Attachments.swift */,
				AAED1712217F9C9700EE5FD8 /* Comment.swift */,
			);
			path = Model;
			sourceTree = "<group>";
		};
		AACD1EE2217647550072D2FE = {
			isa = PBXGroup;
			children = (
				AACD1EED217647550072D2FE /* CourseWorkTwoApplication */,
				AACD1EEC217647550072D2FE /* Products */,
				2B0114A67CC38D8915E213FD /* Pods */,
				B7F6A9B2CAE52E4C979EC33A /* Frameworks */,
			);
			sourceTree = "<group>";
		};
		AACD1EEC217647550072D2FE /* Products */ = {
			isa = PBXGroup;
			children = (
				AACD1EEB217647550072D2FE /* CourseWorkTwoApplication.app */,
			);
			name = Products;
			sourceTree = "<group>";
		};
		AACD1EED217647550072D2FE /* CourseWorkTwoApplication */ = {
			isa = PBXGroup;
			children = (
				AA10A609217F3F1300C9D3A5 /* Model */,
				AA262E7B21779A9200151526 /* Constants.swift */,
				AACD1EEE217647550072D2FE /* AppDelegate.swift */,
				AACD1EF2217647550072D2FE /* Main.storyboard */,
				AACD1EF5217647550072D2FE /* Assets.xcassets */,
				AACD1EF7217647550072D2FE /* LaunchScreen.storyboard */,
				AACD1EFA217647550072D2FE /* Info.plist */,
				AACD1F002176483E0072D2FE /* LoginViewController.swift */,
				AACD1F0421764A8E0072D2FE /* RegistrationViewController.swift */,
				AACD1F0621764E620072D2FE /* NewsViewController.swift */,
				AAE4BA70217722BE0043D19F /* WebKitViewController.swift */,
			);
			path = CourseWorkTwoApplication;
			sourceTree = "<group>";
		};
		B7F6A9B2CAE52E4C979EC33A /* Frameworks */ = {
			isa = PBXGroup;
			children = (
				D80EE288410C3BE5A6389B32 /* Pods_CourseWorkTwoApplication.framework */,
			);
			name = Frameworks;
			sourceTree = "<group>";
		};
/* End PBXGroup section */

/* Begin PBXNativeTarget section */
		AACD1EEA217647550072D2FE /* CourseWorkTwoApplication */ = {
			isa = PBXNativeTarget;
			buildConfigurationList = AACD1EFD217647550072D2FE /* Build configuration list for PBXNativeTarget "CourseWorkTwoApplication" */;
			buildPhases = (
				DEA357BEDE90DDC49F3D57F7 /* [CP] Check Pods Manifest.lock */,
				AACD1EE7217647550072D2FE /* Sources */,
				AACD1EE8217647550072D2FE /* Frameworks */,
				AACD1EE9217647550072D2FE /* Resources */,
				9A2C045CEA8F1EDDC663892D /* [CP] Embed Pods Frameworks */,
			);
			buildRules = (
			);
			dependencies = (
			);
			name = CourseWorkTwoApplication;
			productName = CourseWorkTwoApplication;
			productReference = AACD1EEB217647550072D2FE /* CourseWorkTwoApplication.app */;
			productType = "com.apple.product-type.application";
		};
/* End PBXNativeTarget section */

/* Begin PBXProject section */
		AACD1EE3217647550072D2FE /* Project object */ = {
			isa = PBXProject;
			attributes = {
				LastSwiftUpdateCheck = 1000;
				LastUpgradeCheck = 1000;
				ORGANIZATIONNAME = "Азат Алекбаев";
				TargetAttributes = {
					AACD1EEA217647550072D2FE = {
						CreatedOnToolsVersion = 10.0;
					};
				};
			};
			buildConfigurationList = AACD1EE6217647550072D2FE /* Build configuration list for PBXProject "CourseWorkTwoApplication" */;
			compatibilityVersion = "Xcode 9.3";
			developmentRegion = en;
			hasScannedForEncodings = 0;
			knownRegions = (
				en,
				Base,
			);
			mainGroup = AACD1EE2217647550072D2FE;
			productRefGroup = AACD1EEC217647550072D2FE /* Products */;
			projectDirPath = "";
			projectRoot = "";
			targets = (
				AACD1EEA217647550072D2FE /* CourseWorkTwoApplication */,
			);
		};
/* End PBXProject section */

/* Begin PBXResourcesBuildPhase section */
		AACD1EE9217647550072D2FE /* Resources */ = {
			isa = PBXResourcesBuildPhase;
			buildActionMask = 2147483647;
			files = (
				AACD1EF9217647550072D2FE /* LaunchScreen.storyboard in Resources */,
				AACD1EF6217647550072D2FE /* Assets.xcassets in Resources */,
				AACD1EF4217647550072D2FE /* Main.storyboard in Resources */,
			);
			runOnlyForDeploymentPostprocessing = 0;
		};
/* End PBXResourcesBuildPhase section */

/* Begin PBXShellScriptBuildPhase section */
		9A2C045CEA8F1EDDC663892D /* [CP] Embed Pods Frameworks */ = {
			isa = PBXShellScriptBuildPhase;
			buildActionMask = 2147483647;
			files = (
			);
			inputPaths = (
				"${SRCROOT}/Pods/Target Support Files/Pods-CourseWorkTwoApplication/Pods-CourseWorkTwoApplication-frameworks.sh",
				"${BUILT_PRODUCTS_DIR}/VK-ios-sdk/VK_ios_sdk.framework",
			);
			name = "[CP] Embed Pods Frameworks";
			outputPaths = (
				"${TARGET_BUILD_DIR}/${FRAMEWORKS_FOLDER_PATH}/VK_ios_sdk.framework",
			);
			runOnlyForDeploymentPostprocessing = 0;
			shellPath = /bin/sh;
			shellScript = "\"${SRCROOT}/Pods/Target Support Files/Pods-CourseWorkTwoApplication/Pods-CourseWorkTwoApplication-frameworks.sh\"\n";
			showEnvVarsInLog = 0;
		};
		DEA357BEDE90DDC49F3D57F7 /* [CP] Check Pods Manifest.lock */ = {
			isa = PBXShellScriptBuildPhase;
			buildActionMask = 2147483647;
			files = (
			);
			inputPaths = (
				"${PODS_PODFILE_DIR_PATH}/Podfile.lock",
				"${PODS_ROOT}/Manifest.lock",
			);
			name = "[CP] Check Pods Manifest.lock";
			outputPaths = (
				"$(DERIVED_FILE_DIR)/Pods-CourseWorkTwoApplication-checkManifestLockResult.txt",
			);
			runOnlyForDeploymentPostprocessing = 0;
			shellPath = /bin/sh;
			shellScript = "diff \"${PODS_PODFILE_DIR_PATH}/Podfile.lock\" \"${PODS_ROOT}/Manifest.lock\" > /dev/null\nif [ $? != 0 ] ; then\n    # print error to STDERR\n    echo \"error: The sandbox is not in sync with the Podfile.lock. Run 'pod install' or update your CocoaPods installation.\" >&2\n    exit 1\nfi\n# This output is used by Xcode 'outputs' to avoid re-running this script phase.\necho \"SUCCESS\" > \"${SCRIPT_OUTPUT_FILE_0}\"\n";
			showEnvVarsInLog = 0;
		};
/* End PBXShellScriptBuildPhase section */

/* Begin PBXSourcesBuildPhase section */
		AACD1EE7217647550072D2FE /* Sources */ = {
			isa = PBXSourcesBuildPhase;
			buildActionMask = 2147483647;
			files = (
				AACD1F012176483E0072D2FE /* LoginViewController.swift in Sources */,
				AAE4BA71217722BE0043D19F /* WebKitViewController.swift in Sources */,
				AA10A60D217F400F00C9D3A5 /* News.swift in Sources */,
				AACD1F0521764A8E0072D2FE /* RegistrationViewController.swift in Sources */,
				AA10A60F217F40BF00C9D3A5 /* Attachments.swift in Sources */,
				AAED1713217F9C9700EE5FD8 /* Comment.swift in Sources */,
				AACD1F0721764E620072D2FE /* NewsViewController.swift in Sources */,
				AACD1EEF217647550072D2FE /* AppDelegate.swift in Sources */,
				AA262E7C21779A9200151526 /* Constants.swift in Sources */,
				AA10A60B217F3F2600C9D3A5 /* User.swift in Sources */,
			);
			runOnlyForDeploymentPostprocessing = 0;
		};
/* End PBXSourcesBuildPhase section */

/* Begin PBXVariantGroup section */
		AACD1EF2217647550072D2FE /* Main.storyboard */ = {
			isa = PBXVariantGroup;
			children = (
				AACD1EF3217647550072D2FE /* Base */,
			);
			name = Main.storyboard;
			sourceTree = "<group>";
		};
		AACD1EF7217647550072D2FE /* LaunchScreen.storyboard */ = {
			isa = PBXVariantGroup;
			children = (
				AACD1EF8217647550072D2FE /* Base */,
			);
			name = LaunchScreen.storyboard;
			sourceTree = "<group>";
		};
/* End PBXVariantGroup section */

/* Begin XCBuildConfiguration section */
		AACD1EFB217647550072D2FE /* Debug */ = {
			isa = XCBuildConfiguration;
			buildSettings = {
				ALWAYS_SEARCH_USER_PATHS = NO;
				CLANG_ANALYZER_NONNULL = YES;
				CLANG_ANALYZER_NUMBER_OBJECT_CONVERSION = YES_AGGRESSIVE;
				CLANG_CXX_LANGUAGE_STANDARD = "gnu++14";
				CLANG_CXX_LIBRARY = "libc++";
				CLANG_ENABLE_MODULES = YES;
				CLANG_ENABLE_OBJC_ARC = YES;
				CLANG_ENABLE_OBJC_WEAK = YES;
				CLANG_WARN_BLOCK_CAPTURE_AUTORELEASING = YES;
				CLANG_WARN_BOOL_CONVERSION = YES;
				CLANG_WARN_COMMA = YES;
				CLANG_WARN_CONSTANT_CONVERSION = YES;
				CLANG_WARN_DEPRECATED_OBJC_IMPLEMENTATIONS = YES;
				CLANG_WARN_DIRECT_OBJC_ISA_USAGE = YES_ERROR;
				CLANG_WARN_DOCUMENTATION_COMMENTS = YES;
				CLANG_WARN_EMPTY_BODY = YES;
				CLANG_WARN_ENUM_CONVERSION = YES;
				CLANG_WARN_INFINITE_RECURSION = YES;
				CLANG_WARN_INT_CONVERSION = YES;
				CLANG_WARN_NON_LITERAL_NULL_CONVERSION = YES;
				CLANG_WARN_OBJC_IMPLICIT_RETAIN_SELF = YES;
				CLANG_WARN_OBJC_LITERAL_CONVERSION = YES;
				CLANG_WARN_OBJC_ROOT_CLASS = YES_ERROR;
				CLANG_WARN_RANGE_LOOP_ANALYSIS = YES;
				CLANG_WARN_STRICT_PROTOTYPES = YES;
				CLANG_WARN_SUSPICIOUS_MOVE = YES;
				CLANG_WARN_UNGUARDED_AVAILABILITY = YES_AGGRESSIVE;
				CLANG_WARN_UNREACHABLE_CODE = YES;
				CLANG_WARN__DUPLICATE_METHOD_MATCH = YES;
				CODE_SIGN_IDENTITY = "iPhone Developer";
				COPY_PHASE_STRIP = NO;
				DEBUG_INFORMATION_FORMAT = dwarf;
				ENABLE_STRICT_OBJC_MSGSEND = YES;
				ENABLE_TESTABILITY = YES;
				GCC_C_LANGUAGE_STANDARD = gnu11;
				GCC_DYNAMIC_NO_PIC = NO;
				GCC_NO_COMMON_BLOCKS = YES;
				GCC_OPTIMIZATION_LEVEL = 0;
				GCC_PREPROCESSOR_DEFINITIONS = (
					"DEBUG=1",
					"$(inherited)",
				);
				GCC_WARN_64_TO_32_BIT_CONVERSION = YES;
				GCC_WARN_ABOUT_RETURN_TYPE = YES_ERROR;
				GCC_WARN_UNDECLARED_SELECTOR = YES;
				GCC_WARN_UNINITIALIZED_AUTOS = YES_AGGRESSIVE;
				GCC_WARN_UNUSED_FUNCTION = YES;
				GCC_WARN_UNUSED_VARIABLE = YES;
				IPHONEOS_DEPLOYMENT_TARGET = 12.0;
				MTL_ENABLE_DEBUG_INFO = INCLUDE_SOURCE;
				MTL_FAST_MATH = YES;
				ONLY_ACTIVE_ARCH = YES;
				SDKROOT = iphoneos;
				SWIFT_ACTIVE_COMPILATION_CONDITIONS = DEBUG;
				SWIFT_OPTIMIZATION_LEVEL = "-Onone";
			};
			name = Debug;
		};
		AACD1EFC217647550072D2FE /* Release */ = {
			isa = XCBuildConfiguration;
			buildSettings = {
				ALWAYS_SEARCH_USER_PATHS = NO;
				CLANG_ANALYZER_NONNULL = YES;
				CLANG_ANALYZER_NUMBER_OBJECT_CONVERSION = YES_AGGRESSIVE;
				CLANG_CXX_LANGUAGE_STANDARD = "gnu++14";
				CLANG_CXX_LIBRARY = "libc++";
				CLANG_ENABLE_MODULES = YES;
				CLANG_ENABLE_OBJC_ARC = YES;
				CLANG_ENABLE_OBJC_WEAK = YES;
				CLANG_WARN_BLOCK_CAPTURE_AUTORELEASING = YES;
				CLANG_WARN_BOOL_CONVERSION = YES;
				CLANG_WARN_COMMA = YES;
				CLANG_WARN_CONSTANT_CONVERSION = YES;
				CLANG_WARN_DEPRECATED_OBJC_IMPLEMENTATIONS = YES;
				CLANG_WARN_DIRECT_OBJC_ISA_USAGE = YES_ERROR;
				CLANG_WARN_DOCUMENTATION_COMMENTS = YES;
				CLANG_WARN_EMPTY_BODY = YES;
				CLANG_WARN_ENUM_CONVERSION = YES;
				CLANG_WARN_INFINITE_RECURSION = YES;
				CLANG_WARN_INT_CONVERSION = YES;
				CLANG_WARN_NON_LITERAL_NULL_CONVERSION = YES;
				CLANG_WARN_OBJC_IMPLICIT_RETAIN_SELF = YES;
				CLANG_WARN_OBJC_LITERAL_CONVERSION = YES;
				CLANG_WARN_OBJC_ROOT_CLASS = YES_ERROR;
				CLANG_WARN_RANGE_LOOP_ANALYSIS = YES;
				CLANG_WARN_STRICT_PROTOTYPES = YES;
				CLANG_WARN_SUSPICIOUS_MOVE = YES;
				CLANG_WARN_UNGUARDED_AVAILABILITY = YES_AGGRESSIVE;
				CLANG_WARN_UNREACHABLE_CODE = YES;
				CLANG_WARN__DUPLICATE_METHOD_MATCH = YES;
				CODE_SIGN_IDENTITY = "iPhone Developer";
				COPY_PHASE_STRIP = NO;
				DEBUG_INFORMATION_FORMAT = "dwarf-with-dsym";
				ENABLE_NS_ASSERTIONS = NO;
				ENABLE_STRICT_OBJC_MSGSEND = YES;
				GCC_C_LANGUAGE_STANDARD = gnu11;
				GCC_NO_COMMON_BLOCKS = YES;
				GCC_WARN_64_TO_32_BIT_CONVERSION = YES;
				GCC_WARN_ABOUT_RETURN_TYPE = YES_ERROR;
				GCC_WARN_UNDECLARED_SELECTOR = YES;
				GCC_WARN_UNINITIALIZED_AUTOS = YES_AGGRESSIVE;
				GCC_WARN_UNUSED_FUNCTION = YES;
				GCC_WARN_UNUSED_VARIABLE = YES;
				IPHONEOS_DEPLOYMENT_TARGET = 12.0;
				MTL_ENABLE_DEBUG_INFO = NO;
				MTL_FAST_MATH = YES;
				SDKROOT = iphoneos;
				SWIFT_COMPILATION_MODE = wholemodule;
				SWIFT_OPTIMIZATION_LEVEL = "-O";
				VALIDATE_PRODUCT = YES;
			};
			name = Release;
		};
		AACD1EFE217647550072D2FE /* Debug */ = {
			isa = XCBuildConfiguration;
			baseConfigurationReference = 281AD45488C83508E392B106 /* Pods-CourseWorkTwoApplication.debug.xcconfig */;
			buildSettings = {
				ASSETCATALOG_COMPILER_APPICON_NAME = AppIcon;
				CODE_SIGN_STYLE = Automatic;
				DEVELOPMENT_TEAM = U76UU38W98;
				INFOPLIST_FILE = CourseWorkTwoApplication/Info.plist;
				LD_RUNPATH_SEARCH_PATHS = (
					"$(inherited)",
					"@executable_path/Frameworks",
				);
				PRODUCT_BUNDLE_IDENTIFIER = iosLab.CourseWorkTwoApplication;
				PRODUCT_NAME = "$(TARGET_NAME)";
				SWIFT_VERSION = 4.2;
				TARGETED_DEVICE_FAMILY = "1,2";
			};
			name = Debug;
		};
		AACD1EFF217647550072D2FE /* Release */ = {
			isa = XCBuildConfiguration;
			baseConfigurationReference = 47ADA4AC08450DAA5511E7BD /* Pods-CourseWorkTwoApplication.release.xcconfig */;
			buildSettings = {
				ASSETCATALOG_COMPILER_APPICON_NAME = AppIcon;
				CODE_SIGN_STYLE = Automatic;
				DEVELOPMENT_TEAM = U76UU38W98;
				INFOPLIST_FILE = CourseWorkTwoApplication/Info.plist;
				LD_RUNPATH_SEARCH_PATHS = (
					"$(inherited)",
					"@executable_path/Frameworks",
				);
				PRODUCT_BUNDLE_IDENTIFIER = iosLab.CourseWorkTwoApplication;
				PRODUCT_NAME = "$(TARGET_NAME)";
				SWIFT_VERSION = 4.2;
				TARGETED_DEVICE_FAMILY = "1,2";
			};
			name = Release;
		};
/* End XCBuildConfiguration section */

/* Begin XCConfigurationList section */
		AACD1EE6217647550072D2FE /* Build configuration list for PBXProject "CourseWorkTwoApplication" */ = {
			isa = XCConfigurationList;
			buildConfigurations = (
				AACD1EFB217647550072D2FE /* Debug */,
				AACD1EFC217647550072D2FE /* Release */,
			);
			defaultConfigurationIsVisible = 0;
			defaultConfigurationName = Release;
		};
		AACD1EFD217647550072D2FE /* Build configuration list for PBXNativeTarget "CourseWorkTwoApplication" */ = {
			isa = XCConfigurationList;
			buildConfigurations = (
				AACD1EFE217647550072D2FE /* Debug */,
				AACD1EFF217647550072D2FE /* Release */,
			);
			defaultConfigurationIsVisible = 0;
			defaultConfigurationName = Release;
		};
/* End XCConfigurationList section */
	};
	rootObject = AACD1EE3217647550072D2FE /* Project object */;
}
