// !$*UTF8*$!
{
	archiveVersion = 1;
	classes = {
	};
	objectVersion = 50;
	objects = {

/* Begin PBXBuildFile section */
		AA10A60B217F3F2600C9D3A5 /* User.swift in Sources */ = {isa = PBXBuildFile; fileRef = AA10A60A217F3F2600C9D3A5 /* User.swift */; };
		AA10A60D217F400F00C9D3A5 /* News.swift in Sources */ = {isa = PBXBuildFile; fileRef = AA10A60C217F400F00C9D3A5 /* News.swift */; };
		AA10A60F217F40BF00C9D3A5 /* Attachments.swift in Sources */ = {isa = PBXBuildFile; fileRef = AA10A60E217F40BF00C9D3A5 /* Attachments.swift */; };
		AA13239A21887E9200A3641C /* ProfileViewController.swift in Sources */ = {isa = PBXBuildFile; fileRef = AA13239921887E9200A3641C /* ProfileViewController.swift */; };
		AA14271F219AF50D00F7F514 /* Tag.swift in Sources */ = {isa = PBXBuildFile; fileRef = AA14271E219AF50D00F7F514 /* Tag.swift */; };
		AA262E7C21779A9200151526 /* Constants.swift in Sources */ = {isa = PBXBuildFile; fileRef = AA262E7B21779A9200151526 /* Constants.swift */; };
		AA35F6FC21ADBCA200DE5993 /* EventKit.framework in Frameworks */ = {isa = PBXBuildFile; fileRef = AA35F6FB21ADBCA200DE5993 /* EventKit.framework */; };
		AA35F6FE21ADBCA800DE5993 /* VK_ios_sdk.framework in Frameworks */ = {isa = PBXBuildFile; fileRef = AA35F6FD21ADBCA800DE5993 /* VK_ios_sdk.framework */; };
		AA35F70021ADC74100DE5993 /* CreatingEventViewController.swift in Sources */ = {isa = PBXBuildFile; fileRef = AA35F6FF21ADC74100DE5993 /* CreatingEventViewController.swift */; };
		AA6C4D6B218CBCED00F279A8 /* NewsTableViewCell.swift in Sources */ = {isa = PBXBuildFile; fileRef = AA6C4D69218CBCED00F279A8 /* NewsTableViewCell.swift */; };
		AA6C4D6C218CBCED00F279A8 /* NewsTableViewCell.xib in Resources */ = {isa = PBXBuildFile; fileRef = AA6C4D6A218CBCED00F279A8 /* NewsTableViewCell.xib */; };
		AA74528821E3EF9900F61B72 /* Media.swift in Sources */ = {isa = PBXBuildFile; fileRef = AA74528721E3EF9900F61B72 /* Media.swift */; };
		AA7A8B84227602E400230036 /* Extensions.swift in Sources */ = {isa = PBXBuildFile; fileRef = AA7A8B83227602E400230036 /* Extensions.swift */; };
		AAA56565219B4F6C009EED25 /* ProfileTagsTableViewCell.swift in Sources */ = {isa = PBXBuildFile; fileRef = AAA56563219B4F6C009EED25 /* ProfileTagsTableViewCell.swift */; };
		AAA56566219B4F6C009EED25 /* ProfileTagsTableViewCell.xib in Resources */ = {isa = PBXBuildFile; fileRef = AAA56564219B4F6C009EED25 /* ProfileTagsTableViewCell.xib */; };
		AAB8383521ADF84800F49140 /* NewsCommentsViewController.swift in Sources */ = {isa = PBXBuildFile; fileRef = AAB8383421ADF84800F49140 /* NewsCommentsViewController.swift */; };
		AAB8383721AE015200F49140 /* AnswerViewController.swift in Sources */ = {isa = PBXBuildFile; fileRef = AAB8383621AE015200F49140 /* AnswerViewController.swift */; };
		AAC60F6D21A473AD0044E19F /* CommentsViewController.swift in Sources */ = {isa = PBXBuildFile; fileRef = AAC60F6C21A473AD0044E19F /* CommentsViewController.swift */; };
		AAC60F7021A4745D0044E19F /* CommentTableViewCell.swift in Sources */ = {isa = PBXBuildFile; fileRef = AAC60F6E21A4745D0044E19F /* CommentTableViewCell.swift */; };
		AAC60F7121A4745D0044E19F /* CommentTableViewCell.xib in Resources */ = {isa = PBXBuildFile; fileRef = AAC60F6F21A4745D0044E19F /* CommentTableViewCell.xib */; };
		AAC60F7321A481D80044E19F /* RecomendationsViewController.swift in Sources */ = {isa = PBXBuildFile; fileRef = AAC60F7221A481D80044E19F /* RecomendationsViewController.swift */; };
		AAC60F7521A48B370044E19F /* NewNewsViewController.swift in Sources */ = {isa = PBXBuildFile; fileRef = AAC60F7421A48B370044E19F /* NewNewsViewController.swift */; };
		AACD1EEF217647550072D2FE /* AppDelegate.swift in Sources */ = {isa = PBXBuildFile; fileRef = AACD1EEE217647550072D2FE /* AppDelegate.swift */; };
		AACD1EF4217647550072D2FE /* Main.storyboard in Resources */ = {isa = PBXBuildFile; fileRef = AACD1EF2217647550072D2FE /* Main.storyboard */; };
		AACD1EF6217647550072D2FE /* Assets.xcassets in Resources */ = {isa = PBXBuildFile; fileRef = AACD1EF5217647550072D2FE /* Assets.xcassets */; };
		AACD1EF9217647550072D2FE /* LaunchScreen.storyboard in Resources */ = {isa = PBXBuildFile; fileRef = AACD1EF7217647550072D2FE /* LaunchScreen.storyboard */; };
		AACD1F012176483E0072D2FE /* LoginViewController.swift in Sources */ = {isa = PBXBuildFile; fileRef = AACD1F002176483E0072D2FE /* LoginViewController.swift */; };
		AACD1F0521764A8E0072D2FE /* RegistrationViewController.swift in Sources */ = {isa = PBXBuildFile; fileRef = AACD1F0421764A8E0072D2FE /* RegistrationViewController.swift */; };
		AACD1F0721764E620072D2FE /* NewsViewController.swift in Sources */ = {isa = PBXBuildFile; fileRef = AACD1F0621764E620072D2FE /* NewsViewController.swift */; };
		AAED1713217F9C9700EE5FD8 /* Comment.swift in Sources */ = {isa = PBXBuildFile; fileRef = AAED1712217F9C9700EE5FD8 /* Comment.swift */; };
		AAF0F71421807335008D7F9F /* MainTabBarController.swift in Sources */ = {isa = PBXBuildFile; fileRef = AAF0F71321807335008D7F9F /* MainTabBarController.swift */; };
		AAF18BE721D2DAE70008E4F8 /* TagsListViewController.swift in Sources */ = {isa = PBXBuildFile; fileRef = AAF18BE621D2DAE70008E4F8 /* TagsListViewController.swift */; };
		E69F5D5FE38D3B24FB482C2E /* Pods_CourseWorkTwoApplication.framework in Frameworks */ = {isa = PBXBuildFile; fileRef = D27B39DB9146C5380B8306B8 /* Pods_CourseWorkTwoApplication.framework */; };
/* End PBXBuildFile section */

/* Begin PBXFileReference section */
		4E6C4C588E091EE601D8083C /* Pods-CourseWorkTwoApplication.debug.xcconfig */ = {isa = PBXFileReference; includeInIndex = 1; lastKnownFileType = text.xcconfig; name = "Pods-CourseWorkTwoApplication.debug.xcconfig"; path = "Pods/Target Support Files/Pods-CourseWorkTwoApplication/Pods-CourseWorkTwoApplication.debug.xcconfig"; sourceTree = "<group>"; };
		A20BA5D65C5983B1C92F1542 /* Pods-CourseWorkTwoApplication.release.xcconfig */ = {isa = PBXFileReference; includeInIndex = 1; lastKnownFileType = text.xcconfig; name = "Pods-CourseWorkTwoApplication.release.xcconfig"; path = "Pods/Target Support Files/Pods-CourseWorkTwoApplication/Pods-CourseWorkTwoApplication.release.xcconfig"; sourceTree = "<group>"; };
		AA10A60A217F3F2600C9D3A5 /* User.swift */ = {isa = PBXFileReference; lastKnownFileType = sourcecode.swift; path = User.swift; sourceTree = "<group>"; };
		AA10A60C217F400F00C9D3A5 /* News.swift */ = {isa = PBXFileReference; lastKnownFileType = sourcecode.swift; path = News.swift; sourceTree = "<group>"; };
		AA10A60E217F40BF00C9D3A5 /* Attachments.swift */ = {isa = PBXFileReference; lastKnownFileType = sourcecode.swift; path = Attachments.swift; sourceTree = "<group>"; };
		AA13239921887E9200A3641C /* ProfileViewController.swift */ = {isa = PBXFileReference; lastKnownFileType = sourcecode.swift; path = ProfileViewController.swift; sourceTree = "<group>"; };
		AA14271E219AF50D00F7F514 /* Tag.swift */ = {isa = PBXFileReference; lastKnownFileType = sourcecode.swift; path = Tag.swift; sourceTree = "<group>"; };
		AA262E7B21779A9200151526 /* Constants.swift */ = {isa = PBXFileReference; lastKnownFileType = sourcecode.swift; path = Constants.swift; sourceTree = "<group>"; };
		AA35F6FB21ADBCA200DE5993 /* EventKit.framework */ = {isa = PBXFileReference; explicitFileType = wrapper.framework; path = EventKit.framework; sourceTree = BUILT_PRODUCTS_DIR; };
		AA35F6FD21ADBCA800DE5993 /* VK_ios_sdk.framework */ = {isa = PBXFileReference; explicitFileType = wrapper.framework; path = VK_ios_sdk.framework; sourceTree = BUILT_PRODUCTS_DIR; };
		AA35F6FF21ADC74100DE5993 /* CreatingEventViewController.swift */ = {isa = PBXFileReference; lastKnownFileType = sourcecode.swift; path = CreatingEventViewController.swift; sourceTree = "<group>"; };
		AA6C4D69218CBCED00F279A8 /* NewsTableViewCell.swift */ = {isa = PBXFileReference; lastKnownFileType = sourcecode.swift; path = NewsTableViewCell.swift; sourceTree = "<group>"; };
		AA6C4D6A218CBCED00F279A8 /* NewsTableViewCell.xib */ = {isa = PBXFileReference; lastKnownFileType = file.xib; path = NewsTableViewCell.xib; sourceTree = "<group>"; };
		AA74528721E3EF9900F61B72 /* Media.swift */ = {isa = PBXFileReference; lastKnownFileType = sourcecode.swift; path = Media.swift; sourceTree = "<group>"; };
		AA7A8B83227602E400230036 /* Extensions.swift */ = {isa = PBXFileReference; lastKnownFileType = sourcecode.swift; path = Extensions.swift; sourceTree = "<group>"; };
		AAA56563219B4F6C009EED25 /* ProfileTagsTableViewCell.swift */ = {isa = PBXFileReference; lastKnownFileType = sourcecode.swift; path = ProfileTagsTableViewCell.swift; sourceTree = "<group>"; };
		AAA56564219B4F6C009EED25 /* ProfileTagsTableViewCell.xib */ = {isa = PBXFileReference; lastKnownFileType = file.xib; path = ProfileTagsTableViewCell.xib; sourceTree = "<group>"; };
		AAB8383421ADF84800F49140 /* NewsCommentsViewController.swift */ = {isa = PBXFileReference; lastKnownFileType = sourcecode.swift; path = NewsCommentsViewController.swift; sourceTree = "<group>"; };
		AAB8383621AE015200F49140 /* AnswerViewController.swift */ = {isa = PBXFileReference; lastKnownFileType = sourcecode.swift; path = AnswerViewController.swift; sourceTree = "<group>"; };
		AAC60F6C21A473AD0044E19F /* CommentsViewController.swift */ = {isa = PBXFileReference; lastKnownFileType = sourcecode.swift; path = CommentsViewController.swift; sourceTree = "<group>"; };
		AAC60F6E21A4745D0044E19F /* CommentTableViewCell.swift */ = {isa = PBXFileReference; lastKnownFileType = sourcecode.swift; path = CommentTableViewCell.swift; sourceTree = "<group>"; };
		AAC60F6F21A4745D0044E19F /* CommentTableViewCell.xib */ = {isa = PBXFileReference; lastKnownFileType = file.xib; path = CommentTableViewCell.xib; sourceTree = "<group>"; };
		AAC60F7221A481D80044E19F /* RecomendationsViewController.swift */ = {isa = PBXFileReference; lastKnownFileType = sourcecode.swift; path = RecomendationsViewController.swift; sourceTree = "<group>"; };
		AAC60F7421A48B370044E19F /* NewNewsViewController.swift */ = {isa = PBXFileReference; lastKnownFileType = sourcecode.swift; path = NewNewsViewController.swift; sourceTree = "<group>"; };
		AACD1EEB217647550072D2FE /* CourseWorkTwoApplication.app */ = {isa = PBXFileReference; explicitFileType = wrapper.application; includeInIndex = 0; path = CourseWorkTwoApplication.app; sourceTree = BUILT_PRODUCTS_DIR; };
		AACD1EEE217647550072D2FE /* AppDelegate.swift */ = {isa = PBXFileReference; lastKnownFileType = sourcecode.swift; path = AppDelegate.swift; sourceTree = "<group>"; };
		AACD1EF3217647550072D2FE /* Base */ = {isa = PBXFileReference; lastKnownFileType = file.storyboard; name = Base; path = Base.lproj/Main.storyboard; sourceTree = "<group>"; };
		AACD1EF5217647550072D2FE /* Assets.xcassets */ = {isa = PBXFileReference; lastKnownFileType = folder.assetcatalog; path = Assets.xcassets; sourceTree = "<group>"; };
		AACD1EF8217647550072D2FE /* Base */ = {isa = PBXFileReference; lastKnownFileType = file.storyboard; name = Base; path = Base.lproj/LaunchScreen.storyboard; sourceTree = "<group>"; };
		AACD1EFA217647550072D2FE /* Info.plist */ = {isa = PBXFileReference; lastKnownFileType = text.plist.xml; path = Info.plist; sourceTree = "<group>"; };
		AACD1F002176483E0072D2FE /* LoginViewController.swift */ = {isa = PBXFileReference; lastKnownFileType = sourcecode.swift; path = LoginViewController.swift; sourceTree = "<group>"; };
		AACD1F0421764A8E0072D2FE /* RegistrationViewController.swift */ = {isa = PBXFileReference; lastKnownFileType = sourcecode.swift; path = RegistrationViewController.swift; sourceTree = "<group>"; };
		AACD1F0621764E620072D2FE /* NewsViewController.swift */ = {isa = PBXFileReference; lastKnownFileType = sourcecode.swift; path = NewsViewController.swift; sourceTree = "<group>"; };
		AAED1712217F9C9700EE5FD8 /* Comment.swift */ = {isa = PBXFileReference; lastKnownFileType = sourcecode.swift; path = Comment.swift; sourceTree = "<group>"; };
		AAF0F71321807335008D7F9F /* MainTabBarController.swift */ = {isa = PBXFileReference; lastKnownFileType = sourcecode.swift; path = MainTabBarController.swift; sourceTree = "<group>"; };
		AAF18BE621D2DAE70008E4F8 /* TagsListViewController.swift */ = {isa = PBXFileReference; lastKnownFileType = sourcecode.swift; path = TagsListViewController.swift; sourceTree = "<group>"; };
		D27B39DB9146C5380B8306B8 /* Pods_CourseWorkTwoApplication.framework */ = {isa = PBXFileReference; explicitFileType = wrapper.framework; includeInIndex = 0; path = Pods_CourseWorkTwoApplication.framework; sourceTree = BUILT_PRODUCTS_DIR; };
/* End PBXFileReference section */

/* Begin PBXFrameworksBuildPhase section */
		AACD1EE8217647550072D2FE /* Frameworks */ = {
			isa = PBXFrameworksBuildPhase;
			buildActionMask = 2147483647;
			files = (
				AA35F6FE21ADBCA800DE5993 /* VK_ios_sdk.framework in Frameworks */,
				AA35F6FC21ADBCA200DE5993 /* EventKit.framework in Frameworks */,
				E69F5D5FE38D3B24FB482C2E /* Pods_CourseWorkTwoApplication.framework in Frameworks */,
			);
			runOnlyForDeploymentPostprocessing = 0;
		};
/* End PBXFrameworksBuildPhase section */

/* Begin PBXGroup section */
		2CD80C24C4A178464A952EFB /* Frameworks */ = {
			isa = PBXGroup;
			children = (
				AA35F6FD21ADBCA800DE5993 /* VK_ios_sdk.framework */,
				AA35F6FB21ADBCA200DE5993 /* EventKit.framework */,
				D27B39DB9146C5380B8306B8 /* Pods_CourseWorkTwoApplication.framework */,
			);
			name = Frameworks;
			sourceTree = "<group>";
		};
		4527F1BDAA0C8744F0D5BCF1 /* Pods */ = {
			isa = PBXGroup;
			children = (
				4E6C4C588E091EE601D8083C /* Pods-CourseWorkTwoApplication.debug.xcconfig */,
				A20BA5D65C5983B1C92F1542 /* Pods-CourseWorkTwoApplication.release.xcconfig */,
			);
			name = Pods;
			sourceTree = "<group>";
		};
		AA10A609217F3F1300C9D3A5 /* Model */ = {
			isa = PBXGroup;
			children = (
				AA10A60A217F3F2600C9D3A5 /* User.swift */,
				AA10A60C217F400F00C9D3A5 /* News.swift */,
				AA10A60E217F40BF00C9D3A5 /* Attachments.swift */,
				AAED1712217F9C9700EE5FD8 /* Comment.swift */,
				AA14271E219AF50D00F7F514 /* Tag.swift */,
				AA74528721E3EF9900F61B72 /* Media.swift */,
			);
			path = Model;
			sourceTree = "<group>";
		};
		AA13239621887E1A00A3641C /* Controllers */ = {
			isa = PBXGroup;
			children = (
				AACD1F002176483E0072D2FE /* LoginViewController.swift */,
				AACD1F0421764A8E0072D2FE /* RegistrationViewController.swift */,
				AACD1F0621764E620072D2FE /* NewsViewController.swift */,
				AAF0F71321807335008D7F9F /* MainTabBarController.swift */,
				AA13239921887E9200A3641C /* ProfileViewController.swift */,
				AAC60F6C21A473AD0044E19F /* CommentsViewController.swift */,
				AAC60F7221A481D80044E19F /* RecomendationsViewController.swift */,
				AAC60F7421A48B370044E19F /* NewNewsViewController.swift */,
				AA35F6FF21ADC74100DE5993 /* CreatingEventViewController.swift */,
				AAB8383421ADF84800F49140 /* NewsCommentsViewController.swift */,
				AAB8383621AE015200F49140 /* AnswerViewController.swift */,
				AAF18BE621D2DAE70008E4F8 /* TagsListViewController.swift */,
			);
			path = Controllers;
			sourceTree = "<group>";
		};
		AA13239721887E3300A3641C /* Other */ = {
			isa = PBXGroup;
			children = (
				AACD1EF2217647550072D2FE /* Main.storyboard */,
				AA262E7B21779A9200151526 /* Constants.swift */,
				AACD1EEE217647550072D2FE /* AppDelegate.swift */,
				AACD1EF5217647550072D2FE /* Assets.xcassets */,
				AACD1EF7217647550072D2FE /* LaunchScreen.storyboard */,
				AA7A8B83227602E400230036 /* Extensions.swift */,
			);
			path = Other;
			sourceTree = "<group>";
		};
		AA13239821887E4E00A3641C /* View */ = {
			isa = PBXGroup;
			children = (
				AA35F70321ADCDE600DE5993 /* CommentCell */,
				AA35F70221ADCDCD00DE5993 /* ProfileTagsCell */,
				AA35F70121ADCDC000DE5993 /* NewsCell */,
			);
			path = View;
			sourceTree = "<group>";
		};
		AA35F70121ADCDC000DE5993 /* NewsCell */ = {
			isa = PBXGroup;
			children = (
				AA6C4D69218CBCED00F279A8 /* NewsTableViewCell.swift */,
				AA6C4D6A218CBCED00F279A8 /* NewsTableViewCell.xib */,
			);
			path = NewsCell;
			sourceTree = "<group>";
		};
		AA35F70221ADCDCD00DE5993 /* ProfileTagsCell */ = {
			isa = PBXGroup;
			children = (
				AAA56563219B4F6C009EED25 /* ProfileTagsTableViewCell.swift */,
				AAA56564219B4F6C009EED25 /* ProfileTagsTableViewCell.xib */,
			);
			path = ProfileTagsCell;
			sourceTree = "<group>";
		};
		AA35F70321ADCDE600DE5993 /* CommentCell */ = {
			isa = PBXGroup;
			children = (
				AAC60F6E21A4745D0044E19F /* CommentTableViewCell.swift */,
				AAC60F6F21A4745D0044E19F /* CommentTableViewCell.xib */,
			);
			path = CommentCell;
			sourceTree = "<group>";
		};
		AACD1EE2217647550072D2FE = {
			isa = PBXGroup;
			children = (
				AACD1EED217647550072D2FE /* CourseWorkTwoApplication */,
				AACD1EEC217647550072D2FE /* Products */,
				2CD80C24C4A178464A952EFB /* Frameworks */,
				4527F1BDAA0C8744F0D5BCF1 /* Pods */,
			);
			sourceTree = "<group>";
		};
		AACD1EEC217647550072D2FE /* Products */ = {
			isa = PBXGroup;
			children = (
				AACD1EEB217647550072D2FE /* CourseWorkTwoApplication.app */,
			);
			name = Products;
			sourceTree = "<group>";
		};
		AACD1EED217647550072D2FE /* CourseWorkTwoApplication */ = {
			isa = PBXGroup;
			children = (
				AA10A609217F3F1300C9D3A5 /* Model */,
				AA13239821887E4E00A3641C /* View */,
				AA13239621887E1A00A3641C /* Controllers */,
				AA13239721887E3300A3641C /* Other */,
				AACD1EFA217647550072D2FE /* Info.plist */,
			);
			path = CourseWorkTwoApplication;
			sourceTree = "<group>";
		};
/* End PBXGroup section */

/* Begin PBXNativeTarget section */
		AACD1EEA217647550072D2FE /* CourseWorkTwoApplication */ = {
			isa = PBXNativeTarget;
			buildConfigurationList = AACD1EFD217647550072D2FE /* Build configuration list for PBXNativeTarget "CourseWorkTwoApplication" */;
			buildPhases = (
				8831C74B8F31531F7AABAE37 /* [CP] Check Pods Manifest.lock */,
				AACD1EE7217647550072D2FE /* Sources */,
				AACD1EE8217647550072D2FE /* Frameworks */,
				AACD1EE9217647550072D2FE /* Resources */,
				AA84CAC8219B794900F7DE03 /* ShellScript */,
				3D1C86FCF50F67221D514F77 /* [CP] Embed Pods Frameworks */,
			);
			buildRules = (
			);
			dependencies = (
			);
			name = CourseWorkTwoApplication;
			productName = CourseWorkTwoApplication;
			productReference = AACD1EEB217647550072D2FE /* CourseWorkTwoApplication.app */;
			productType = "com.apple.product-type.application";
		};
/* End PBXNativeTarget section */

/* Begin PBXProject section */
		AACD1EE3217647550072D2FE /* Project object */ = {
			isa = PBXProject;
			attributes = {
				LastSwiftUpdateCheck = 1000;
				LastUpgradeCheck = 1000;
				ORGANIZATIONNAME = "Азат Алекбаев";
				TargetAttributes = {
					AACD1EEA217647550072D2FE = {
						CreatedOnToolsVersion = 10.0;
						LastSwiftMigration = 1020;
					};
				};
			};
			buildConfigurationList = AACD1EE6217647550072D2FE /* Build configuration list for PBXProject "CourseWorkTwoApplication" */;
			compatibilityVersion = "Xcode 9.3";
			developmentRegion = en;
			hasScannedForEncodings = 0;
			knownRegions = (
				en,
				Base,
			);
			mainGroup = AACD1EE2217647550072D2FE;
			productRefGroup = AACD1EEC217647550072D2FE /* Products */;
			projectDirPath = "";
			projectRoot = "";
			targets = (
				AACD1EEA217647550072D2FE /* CourseWorkTwoApplication */,
			);
		};
/* End PBXProject section */

/* Begin PBXResourcesBuildPhase section */
		AACD1EE9217647550072D2FE /* Resources */ = {
			isa = PBXResourcesBuildPhase;
			buildActionMask = 2147483647;
			files = (
				AACD1EF9217647550072D2FE /* LaunchScreen.storyboard in Resources */,
				AAC60F7121A4745D0044E19F /* CommentTableViewCell.xib in Resources */,
				AACD1EF6217647550072D2FE /* Assets.xcassets in Resources */,
				AA6C4D6C218CBCED00F279A8 /* NewsTableViewCell.xib in Resources */,
				AACD1EF4217647550072D2FE /* Main.storyboard in Resources */,
				AAA56566219B4F6C009EED25 /* ProfileTagsTableViewCell.xib in Resources */,
			);
			runOnlyForDeploymentPostprocessing = 0;
		};
/* End PBXResourcesBuildPhase section */

/* Begin PBXShellScriptBuildPhase section */
		3D1C86FCF50F67221D514F77 /* [CP] Embed Pods Frameworks */ = {
			isa = PBXShellScriptBuildPhase;
			buildActionMask = 2147483647;
			files = (
			);
			inputFileListPaths = (
			);
			inputPaths = (
				"${SRCROOT}/Pods/Target Support Files/Pods-CourseWorkTwoApplication/Pods-CourseWorkTwoApplication-frameworks.sh",
				"${BUILT_PRODUCTS_DIR}/VK-ios-sdk/VK_ios_sdk.framework",
			);
			name = "[CP] Embed Pods Frameworks";
			outputFileListPaths = (
			);
			outputPaths = (
				"${TARGET_BUILD_DIR}/${FRAMEWORKS_FOLDER_PATH}/VK_ios_sdk.framework",
			);
			runOnlyForDeploymentPostprocessing = 0;
			shellPath = /bin/sh;
			shellScript = "\"${SRCROOT}/Pods/Target Support Files/Pods-CourseWorkTwoApplication/Pods-CourseWorkTwoApplication-frameworks.sh\"\n";
			showEnvVarsInLog = 0;
		};
		8831C74B8F31531F7AABAE37 /* [CP] Check Pods Manifest.lock */ = {
			isa = PBXShellScriptBuildPhase;
			buildActionMask = 2147483647;
			files = (
			);
			inputFileListPaths = (
			);
			inputPaths = (
				"${PODS_PODFILE_DIR_PATH}/Podfile.lock",
				"${PODS_ROOT}/Manifest.lock",
			);
			name = "[CP] Check Pods Manifest.lock";
			outputFileListPaths = (
			);
			outputPaths = (
				"$(DERIVED_FILE_DIR)/Pods-CourseWorkTwoApplication-checkManifestLockResult.txt",
			);
			runOnlyForDeploymentPostprocessing = 0;
			shellPath = /bin/sh;
			shellScript = "diff \"${PODS_PODFILE_DIR_PATH}/Podfile.lock\" \"${PODS_ROOT}/Manifest.lock\" > /dev/null\nif [ $? != 0 ] ; then\n    # print error to STDERR\n    echo \"error: The sandbox is not in sync with the Podfile.lock. Run 'pod install' or update your CocoaPods installation.\" >&2\n    exit 1\nfi\n# This output is used by Xcode 'outputs' to avoid re-running this script phase.\necho \"SUCCESS\" > \"${SCRIPT_OUTPUT_FILE_0}\"\n";
			showEnvVarsInLog = 0;
		};
		AA84CAC8219B794900F7DE03 /* ShellScript */ = {
			isa = PBXShellScriptBuildPhase;
			buildActionMask = 2147483647;
			files = (
			);
			inputFileListPaths = (
			);
			inputPaths = (
				"$(BUILT_PRODUCTS_DIR)/$(INFOPLIST_PATH)",
			);
			outputFileListPaths = (
			);
			outputPaths = (
			);
			runOnlyForDeploymentPostprocessing = 0;
			shellPath = /bin/sh;
			shellScript = "# Type a script or drag a script file from your workspace to insert its path.\n./Fabric.framework/run 7f30535d534a9546d9b620a6fc07463bc1a63b34 420a404083f7bf2bc606251a20f47bd25f0e9b95a999a89177453e35ae8ccddf\n";
		};
/* End PBXShellScriptBuildPhase section */

/* Begin PBXSourcesBuildPhase section */
		AACD1EE7217647550072D2FE /* Sources */ = {
			isa = PBXSourcesBuildPhase;
			buildActionMask = 2147483647;
			files = (
				AAC60F7521A48B370044E19F /* NewNewsViewController.swift in Sources */,
				AACD1F012176483E0072D2FE /* LoginViewController.swift in Sources */,
				AAF0F71421807335008D7F9F /* MainTabBarController.swift in Sources */,
				AA10A60D217F400F00C9D3A5 /* News.swift in Sources */,
				AA6C4D6B218CBCED00F279A8 /* NewsTableViewCell.swift in Sources */,
				AAB8383521ADF84800F49140 /* NewsCommentsViewController.swift in Sources */,
				AA74528821E3EF9900F61B72 /* Media.swift in Sources */,
				AACD1F0521764A8E0072D2FE /* RegistrationViewController.swift in Sources */,
				AAC60F7021A4745D0044E19F /* CommentTableViewCell.swift in Sources */,
				AA10A60F217F40BF00C9D3A5 /* Attachments.swift in Sources */,
				AAB8383721AE015200F49140 /* AnswerViewController.swift in Sources */,
				AA13239A21887E9200A3641C /* ProfileViewController.swift in Sources */,
				AA35F70021ADC74100DE5993 /* CreatingEventViewController.swift in Sources */,
				AAED1713217F9C9700EE5FD8 /* Comment.swift in Sources */,
				AACD1F0721764E620072D2FE /* NewsViewController.swift in Sources */,
				AAA56565219B4F6C009EED25 /* ProfileTagsTableViewCell.swift in Sources */,
				AA14271F219AF50D00F7F514 /* Tag.swift in Sources */,
				AAC60F6D21A473AD0044E19F /* CommentsViewController.swift in Sources */,
				AACD1EEF217647550072D2FE /* AppDelegate.swift in Sources */,
				AA7A8B84227602E400230036 /* Extensions.swift in Sources */,
				AA262E7C21779A9200151526 /* Constants.swift in Sources */,
				AAF18BE721D2DAE70008E4F8 /* TagsListViewController.swift in Sources */,
				AA10A60B217F3F2600C9D3A5 /* User.swift in Sources */,
				AAC60F7321A481D80044E19F /* RecomendationsViewController.swift in Sources */,
			);
			runOnlyForDeploymentPostprocessing = 0;
		};
/* End PBXSourcesBuildPhase section */

/* Begin PBXVariantGroup section */
		AACD1EF2217647550072D2FE /* Main.storyboard */ = {
			isa = PBXVariantGroup;
			children = (
				AACD1EF3217647550072D2FE /* Base */,
			);
			name = Main.storyboard;
			sourceTree = "<group>";
		};
		AACD1EF7217647550072D2FE /* LaunchScreen.storyboard */ = {
			isa = PBXVariantGroup;
			children = (
				AACD1EF8217647550072D2FE /* Base */,
			);
			name = LaunchScreen.storyboard;
			sourceTree = "<group>";
		};
/* End PBXVariantGroup section */

/* Begin XCBuildConfiguration section */
		AACD1EFB217647550072D2FE /* Debug */ = {
			isa = XCBuildConfiguration;
			buildSettings = {
				ALWAYS_SEARCH_USER_PATHS = NO;
				CLANG_ANALYZER_NONNULL = YES;
				CLANG_ANALYZER_NUMBER_OBJECT_CONVERSION = YES_AGGRESSIVE;
				CLANG_CXX_LANGUAGE_STANDARD = "gnu++14";
				CLANG_CXX_LIBRARY = "libc++";
				CLANG_ENABLE_MODULES = YES;
				CLANG_ENABLE_OBJC_ARC = YES;
				CLANG_ENABLE_OBJC_WEAK = YES;
				CLANG_WARN_BLOCK_CAPTURE_AUTORELEASING = YES;
				CLANG_WARN_BOOL_CONVERSION = YES;
				CLANG_WARN_COMMA = YES;
				CLANG_WARN_CONSTANT_CONVERSION = YES;
				CLANG_WARN_DEPRECATED_OBJC_IMPLEMENTATIONS = YES;
				CLANG_WARN_DIRECT_OBJC_ISA_USAGE = YES_ERROR;
				CLANG_WARN_DOCUMENTATION_COMMENTS = YES;
				CLANG_WARN_EMPTY_BODY = YES;
				CLANG_WARN_ENUM_CONVERSION = YES;
				CLANG_WARN_INFINITE_RECURSION = YES;
				CLANG_WARN_INT_CONVERSION = YES;
				CLANG_WARN_NON_LITERAL_NULL_CONVERSION = YES;
				CLANG_WARN_OBJC_IMPLICIT_RETAIN_SELF = YES;
				CLANG_WARN_OBJC_LITERAL_CONVERSION = YES;
				CLANG_WARN_OBJC_ROOT_CLASS = YES_ERROR;
				CLANG_WARN_RANGE_LOOP_ANALYSIS = YES;
				CLANG_WARN_STRICT_PROTOTYPES = YES;
				CLANG_WARN_SUSPICIOUS_MOVE = YES;
				CLANG_WARN_UNGUARDED_AVAILABILITY = YES_AGGRESSIVE;
				CLANG_WARN_UNREACHABLE_CODE = YES;
				CLANG_WARN__DUPLICATE_METHOD_MATCH = YES;
				CODE_SIGN_IDENTITY = "iPhone Developer";
				COPY_PHASE_STRIP = NO;
				DEBUG_INFORMATION_FORMAT = dwarf;
				ENABLE_STRICT_OBJC_MSGSEND = YES;
				ENABLE_TESTABILITY = YES;
				GCC_C_LANGUAGE_STANDARD = gnu11;
				GCC_DYNAMIC_NO_PIC = NO;
				GCC_NO_COMMON_BLOCKS = YES;
				GCC_OPTIMIZATION_LEVEL = 0;
				GCC_PREPROCESSOR_DEFINITIONS = (
					"DEBUG=1",
					"$(inherited)",
				);
				GCC_WARN_64_TO_32_BIT_CONVERSION = YES;
				GCC_WARN_ABOUT_RETURN_TYPE = YES_ERROR;
				GCC_WARN_UNDECLARED_SELECTOR = YES;
				GCC_WARN_UNINITIALIZED_AUTOS = YES_AGGRESSIVE;
				GCC_WARN_UNUSED_FUNCTION = YES;
				GCC_WARN_UNUSED_VARIABLE = YES;
				IPHONEOS_DEPLOYMENT_TARGET = 12.0;
				MTL_ENABLE_DEBUG_INFO = INCLUDE_SOURCE;
				MTL_FAST_MATH = YES;
				ONLY_ACTIVE_ARCH = YES;
				SDKROOT = iphoneos;
				SWIFT_ACTIVE_COMPILATION_CONDITIONS = DEBUG;
				SWIFT_OPTIMIZATION_LEVEL = "-Onone";
			};
			name = Debug;
		};
		AACD1EFC217647550072D2FE /* Release */ = {
			isa = XCBuildConfiguration;
			buildSettings = {
				ALWAYS_SEARCH_USER_PATHS = NO;
				CLANG_ANALYZER_NONNULL = YES;
				CLANG_ANALYZER_NUMBER_OBJECT_CONVERSION = YES_AGGRESSIVE;
				CLANG_CXX_LANGUAGE_STANDARD = "gnu++14";
				CLANG_CXX_LIBRARY = "libc++";
				CLANG_ENABLE_MODULES = YES;
				CLANG_ENABLE_OBJC_ARC = YES;
				CLANG_ENABLE_OBJC_WEAK = YES;
				CLANG_WARN_BLOCK_CAPTURE_AUTORELEASING = YES;
				CLANG_WARN_BOOL_CONVERSION = YES;
				CLANG_WARN_COMMA = YES;
				CLANG_WARN_CONSTANT_CONVERSION = YES;
				CLANG_WARN_DEPRECATED_OBJC_IMPLEMENTATIONS = YES;
				CLANG_WARN_DIRECT_OBJC_ISA_USAGE = YES_ERROR;
				CLANG_WARN_DOCUMENTATION_COMMENTS = YES;
				CLANG_WARN_EMPTY_BODY = YES;
				CLANG_WARN_ENUM_CONVERSION = YES;
				CLANG_WARN_INFINITE_RECURSION = YES;
				CLANG_WARN_INT_CONVERSION = YES;
				CLANG_WARN_NON_LITERAL_NULL_CONVERSION = YES;
				CLANG_WARN_OBJC_IMPLICIT_RETAIN_SELF = YES;
				CLANG_WARN_OBJC_LITERAL_CONVERSION = YES;
				CLANG_WARN_OBJC_ROOT_CLASS = YES_ERROR;
				CLANG_WARN_RANGE_LOOP_ANALYSIS = YES;
				CLANG_WARN_STRICT_PROTOTYPES = YES;
				CLANG_WARN_SUSPICIOUS_MOVE = YES;
				CLANG_WARN_UNGUARDED_AVAILABILITY = YES_AGGRESSIVE;
				CLANG_WARN_UNREACHABLE_CODE = YES;
				CLANG_WARN__DUPLICATE_METHOD_MATCH = YES;
				CODE_SIGN_IDENTITY = "iPhone Developer";
				COPY_PHASE_STRIP = NO;
				DEBUG_INFORMATION_FORMAT = "dwarf-with-dsym";
				ENABLE_NS_ASSERTIONS = NO;
				ENABLE_STRICT_OBJC_MSGSEND = YES;
				GCC_C_LANGUAGE_STANDARD = gnu11;
				GCC_NO_COMMON_BLOCKS = YES;
				GCC_WARN_64_TO_32_BIT_CONVERSION = YES;
				GCC_WARN_ABOUT_RETURN_TYPE = YES_ERROR;
				GCC_WARN_UNDECLARED_SELECTOR = YES;
				GCC_WARN_UNINITIALIZED_AUTOS = YES_AGGRESSIVE;
				GCC_WARN_UNUSED_FUNCTION = YES;
				GCC_WARN_UNUSED_VARIABLE = YES;
				IPHONEOS_DEPLOYMENT_TARGET = 12.0;
				MTL_ENABLE_DEBUG_INFO = NO;
				MTL_FAST_MATH = YES;
				SDKROOT = iphoneos;
				SWIFT_COMPILATION_MODE = wholemodule;
				SWIFT_OPTIMIZATION_LEVEL = "-O";
				VALIDATE_PRODUCT = YES;
			};
			name = Release;
		};
		AACD1EFE217647550072D2FE /* Debug */ = {
			isa = XCBuildConfiguration;
			baseConfigurationReference = 4E6C4C588E091EE601D8083C /* Pods-CourseWorkTwoApplication.debug.xcconfig */;
			buildSettings = {
				ASSETCATALOG_COMPILER_APPICON_NAME = AppIcon;
				CODE_SIGN_STYLE = Manual;
				DEVELOPMENT_TEAM = PQHSF52J78;
				INFOPLIST_FILE = CourseWorkTwoApplication/Info.plist;
				LD_RUNPATH_SEARCH_PATHS = (
					"$(inherited)",
					"@executable_path/Frameworks",
				);
				PRODUCT_BUNDLE_IDENTIFIER = ru.itis.courseworktwoapplication;
				PRODUCT_NAME = "$(TARGET_NAME)";
				PROVISIONING_PROFILE_SPECIFIER = "CourseWorkTwoApplication Development";
				SWIFT_VERSION = 5.0;
				TARGETED_DEVICE_FAMILY = "1,2";
			};
			name = Debug;
		};
		AACD1EFF217647550072D2FE /* Release */ = {
			isa = XCBuildConfiguration;
			baseConfigurationReference = A20BA5D65C5983B1C92F1542 /* Pods-CourseWorkTwoApplication.release.xcconfig */;
			buildSettings = {
				ASSETCATALOG_COMPILER_APPICON_NAME = AppIcon;
				CODE_SIGN_IDENTITY = "iPhone Distribution";
				CODE_SIGN_STYLE = Manual;
				DEVELOPMENT_TEAM = PQHSF52J78;
				INFOPLIST_FILE = CourseWorkTwoApplication/Info.plist;
				LD_RUNPATH_SEARCH_PATHS = (
					"$(inherited)",
					"@executable_path/Frameworks",
				);
				PRODUCT_BUNDLE_IDENTIFIER = ru.itis.courseworktwoapplication;
				PRODUCT_NAME = "$(TARGET_NAME)";
				PROVISIONING_PROFILE_SPECIFIER = "CourseWorkTwoApplication Ad Hoc";
				SWIFT_VERSION = 5.0;
				TARGETED_DEVICE_FAMILY = "1,2";
			};
			name = Release;
		};
/* End XCBuildConfiguration section */

/* Begin XCConfigurationList section */
		AACD1EE6217647550072D2FE /* Build configuration list for PBXProject "CourseWorkTwoApplication" */ = {
			isa = XCConfigurationList;
			buildConfigurations = (
				AACD1EFB217647550072D2FE /* Debug */,
				AACD1EFC217647550072D2FE /* Release */,
			);
			defaultConfigurationIsVisible = 0;
			defaultConfigurationName = Release;
		};
		AACD1EFD217647550072D2FE /* Build configuration list for PBXNativeTarget "CourseWorkTwoApplication" */ = {
			isa = XCConfigurationList;
			buildConfigurations = (
				AACD1EFE217647550072D2FE /* Debug */,
				AACD1EFF217647550072D2FE /* Release */,
			);
			defaultConfigurationIsVisible = 0;
			defaultConfigurationName = Release;
		};
/* End XCConfigurationList section */
	};
	rootObject = AACD1EE3217647550072D2FE /* Project object */;
}
